
Microsoft Visual Studio Solution File, Format Version 11.00
# Visual Studio 2010
Project("{FAE04EC0-301F-11D3-BF4B-00C04F79EFBC}") = "BackToTheArcade", "Assembly-CSharp.csproj", "{F31CACA6-F838-C134-DDCB-3C70AA7F12A3}"
EndProject
Project("{FAE04EC0-301F-11D3-BF4B-00C04F79EFBC}") = "BackToTheArcade", "Assembly-CSharp-Editor.csproj", "{DC1DF5D7-FB5D-E18D-B250-56AB7E65F2B1}"
EndProject
Global
	GlobalSection(SolutionConfigurationPlatforms) = preSolution
		Debug|Any CPU = Debug|Any CPU
		Release|Any CPU = Release|Any CPU
	EndGlobalSection
	GlobalSection(ProjectConfigurationPlatforms) = postSolution
		{F31CACA6-F838-C134-DDCB-3C70AA7F12A3}.Debug|Any CPU.ActiveCfg = Debug|Any CPU
		{F31CACA6-F838-C134-DDCB-3C70AA7F12A3}.Debug|Any CPU.Build.0 = Debug|Any CPU
		{F31CACA6-F838-C134-DDCB-3C70AA7F12A3}.Release|Any CPU.ActiveCfg = Release|Any CPU
		{F31CACA6-F838-C134-DDCB-3C70AA7F12A3}.Release|Any CPU.Build.0 = Release|Any CPU
		{DC1DF5D7-FB5D-E18D-B250-56AB7E65F2B1}.Debug|Any CPU.ActiveCfg = Debug|Any CPU
		{DC1DF5D7-FB5D-E18D-B250-56AB7E65F2B1}.Debug|Any CPU.Build.0 = Debug|Any CPU
		{DC1DF5D7-FB5D-E18D-B250-56AB7E65F2B1}.Release|Any CPU.ActiveCfg = Release|Any CPU
		{DC1DF5D7-FB5D-E18D-B250-56AB7E65F2B1}.Release|Any CPU.Build.0 = Release|Any CPU
	EndGlobalSection
	GlobalSection(SolutionProperties) = preSolution
		HideSolutionNode = FALSE
	EndGlobalSection
	GlobalSection(MonoDevelopProperties) = preSolution
		StartupItem = Assembly-CSharp.csproj
	EndGlobalSection
EndGlobal
